
Microsoft Visual Studio Solution File, Format Version 12.00
# Visual Studio Version 17
VisualStudioVersion = 17.3.32922.545
MinimumVisualStudioVersion = 10.0.40219.1
Project("{FAE04EC0-301F-11D3-BF4B-00C04F79EFBC}") = "DepositeCalcTests", "DepositeCalcTests.csproj", "{C2218088-1997-4C06-A53D-D2C229DC1BBA}"
EndProject
Global
	GlobalSection(SolutionConfigurationPlatforms) = preSolution
		Debug|Any CPU = Debug|Any CPU
		Release|Any CPU = Release|Any CPU
	EndGlobalSection
	GlobalSection(ProjectConfigurationPlatforms) = postSolution
		{C2218088-1997-4C06-A53D-D2C229DC1BBA}.Debug|Any CPU.ActiveCfg = Debug|Any CPU
		{C2218088-1997-4C06-A53D-D2C229DC1BBA}.Debug|Any CPU.Build.0 = Debug|Any CPU
		{C2218088-1997-4C06-A53D-D2C229DC1BBA}.Release|Any CPU.ActiveCfg = Release|Any CPU
		{C2218088-1997-4C06-A53D-D2C229DC1BBA}.Release|Any CPU.Build.0 = Release|Any CPU
	EndGlobalSection
	GlobalSection(SolutionProperties) = preSolution
		HideSolutionNode = FALSE
	EndGlobalSection
	GlobalSection(ExtensibilityGlobals) = postSolution
		SolutionGuid = {56248BCB-E92F-4E93-9F22-8B67B2DE0067}
	EndGlobalSection
EndGlobal
